
Microsoft Visual Studio Solution File, Format Version 12.00
# Visual Studio Version 17
VisualStudioVersion = 17.3.32819.101
MinimumVisualStudioVersion = 10.0.40219.1
Project("{FAE04EC0-301F-11D3-BF4B-00C04F79EFBC}") = "ClothShopperBack", "ClothShopperBack\ClothShopperBack.csproj", "{5B28AC37-7E9C-4A4D-94D0-2B23710B092C}"
EndProject
Global
	GlobalSection(SolutionConfigurationPlatforms) = preSolution
		Debug|Any CPU = Debug|Any CPU
		Release|Any CPU = Release|Any CPU
	EndGlobalSection
	GlobalSection(ProjectConfigurationPlatforms) = postSolution
		{5B28AC37-7E9C-4A4D-94D0-2B23710B092C}.Debug|Any CPU.ActiveCfg = Debug|Any CPU
		{5B28AC37-7E9C-4A4D-94D0-2B23710B092C}.Debug|Any CPU.Build.0 = Debug|Any CPU
		{5B28AC37-7E9C-4A4D-94D0-2B23710B092C}.Release|Any CPU.ActiveCfg = Release|Any CPU
		{5B28AC37-7E9C-4A4D-94D0-2B23710B092C}.Release|Any CPU.Build.0 = Release|Any CPU
	EndGlobalSection
	GlobalSection(SolutionProperties) = preSolution
		HideSolutionNode = FALSE
	EndGlobalSection
	GlobalSection(ExtensibilityGlobals) = postSolution
		SolutionGuid = {8A2CC068-D373-4CAB-A4C0-30C49DDC1D65}
	EndGlobalSection
EndGlobal
